
Microsoft Visual Studio Solution File, Format Version 12.00
# Visual Studio Version 17
VisualStudioVersion = 17.1.32210.238
MinimumVisualStudioVersion = 10.0.40219.1
Project("{FAE04EC0-301F-11D3-BF4B-00C04F79EFBC}") = "Hashing_Project", "Hashing_Project.csproj", "{BDF0BBAE-6D4F-474A-97CA-B48AAED60A0E}"
EndProject
Global
	GlobalSection(SolutionConfigurationPlatforms) = preSolution
		Debug|Any CPU = Debug|Any CPU
		Release|Any CPU = Release|Any CPU
	EndGlobalSection
	GlobalSection(ProjectConfigurationPlatforms) = postSolution
		{BDF0BBAE-6D4F-474A-97CA-B48AAED60A0E}.Debug|Any CPU.ActiveCfg = Debug|Any CPU
		{BDF0BBAE-6D4F-474A-97CA-B48AAED60A0E}.Debug|Any CPU.Build.0 = Debug|Any CPU
		{BDF0BBAE-6D4F-474A-97CA-B48AAED60A0E}.Release|Any CPU.ActiveCfg = Release|Any CPU
		{BDF0BBAE-6D4F-474A-97CA-B48AAED60A0E}.Release|Any CPU.Build.0 = Release|Any CPU
	EndGlobalSection
	GlobalSection(SolutionProperties) = preSolution
		HideSolutionNode = FALSE
	EndGlobalSection
	GlobalSection(ExtensibilityGlobals) = postSolution
		SolutionGuid = {29DFC0D3-A90C-41BD-91DC-A1D13118B5C1}
	EndGlobalSection
EndGlobal
